GEM
  remote: https://rubygems.org/
  specs:
    base64 (0.2.0)
    diff-lcs (1.6.0)
    dry-cli (1.2.0)
    fileutils (1.7.3)
    kramdown (2.5.1)
      rexml (>= 3.3.9)
    mustache (1.1.1)
    rexml (3.4.1)
    rspec (3.13.0)
      rspec-core (~> 3.13.0)
      rspec-expectations (~> 3.13.0)
      rspec-mocks (~> 3.13.0)
    rspec-core (3.13.3)
      rspec-support (~> 3.13.0)
    rspec-expectations (3.13.3)
      diff-lcs (>= 1.2.0, < 2.0)
      rspec-support (~> 3.13.0)
    rspec-mocks (3.13.2)
      diff-lcs (>= 1.2.0, < 2.0)
      rspec-support (~> 3.13.0)
    rspec-support (3.13.2)
    similar_text (0.0.4)
    tmpdir (0.3.1)
      fileutils

PLATFORMS
  x86_64-linux

DEPENDENCIES
  base64 (~> 0.2.0)
  dry-cli (~> 1.2)
  kramdown (~> 2.5)
  mustache (~> 1.1)
  rspec (~> 3.13)
  similar_text (~> 0.0.4)
  tmpdir (~> 0.3.1)

BUNDLED WITH
   2.4.19
